
Microsoft Visual Studio Solution File, Format Version 12.00
# Visual Studio Version 16
VisualStudioVersion = 16.0.33328.57
MinimumVisualStudioVersion = 10.0.40219.1
Project("{FAE04EC0-301F-11D3-BF4B-00C04F79EFBC}") = "Punto1", "Punto1\Punto1.csproj", "{23545D67-CCF3-4A0F-B6FD-CCBD8FAC73DD}"
EndProject
Global
	GlobalSection(SolutionConfigurationPlatforms) = preSolution
		Debug|Any CPU = Debug|Any CPU
		Release|Any CPU = Release|Any CPU
	EndGlobalSection
	GlobalSection(ProjectConfigurationPlatforms) = postSolution
		{23545D67-CCF3-4A0F-B6FD-CCBD8FAC73DD}.Debug|Any CPU.ActiveCfg = Debug|Any CPU
		{23545D67-CCF3-4A0F-B6FD-CCBD8FAC73DD}.Debug|Any CPU.Build.0 = Debug|Any CPU
		{23545D67-CCF3-4A0F-B6FD-CCBD8FAC73DD}.Release|Any CPU.ActiveCfg = Release|Any CPU
		{23545D67-CCF3-4A0F-B6FD-CCBD8FAC73DD}.Release|Any CPU.Build.0 = Release|Any CPU
	EndGlobalSection
	GlobalSection(SolutionProperties) = preSolution
		HideSolutionNode = FALSE
	EndGlobalSection
	GlobalSection(ExtensibilityGlobals) = postSolution
		SolutionGuid = {70929277-AD32-47BB-B9DE-0B4E05E8E4C0}
	EndGlobalSection
EndGlobal
