
Microsoft Visual Studio Solution File, Format Version 12.00
# Visual Studio Version 16
VisualStudioVersion = 16.0.33328.57
MinimumVisualStudioVersion = 10.0.40219.1
Project("{FAE04EC0-301F-11D3-BF4B-00C04F79EFBC}") = "libRnPunto1", "libRnPunto1\libRnPunto1.csproj", "{0388275C-A8D6-436C-88A0-866D76126842}"
EndProject
Global
	GlobalSection(SolutionConfigurationPlatforms) = preSolution
		Debug|Any CPU = Debug|Any CPU
		Release|Any CPU = Release|Any CPU
	EndGlobalSection
	GlobalSection(ProjectConfigurationPlatforms) = postSolution
		{0388275C-A8D6-436C-88A0-866D76126842}.Debug|Any CPU.ActiveCfg = Debug|Any CPU
		{0388275C-A8D6-436C-88A0-866D76126842}.Debug|Any CPU.Build.0 = Debug|Any CPU
		{0388275C-A8D6-436C-88A0-866D76126842}.Release|Any CPU.ActiveCfg = Release|Any CPU
		{0388275C-A8D6-436C-88A0-866D76126842}.Release|Any CPU.Build.0 = Release|Any CPU
	EndGlobalSection
	GlobalSection(SolutionProperties) = preSolution
		HideSolutionNode = FALSE
	EndGlobalSection
	GlobalSection(ExtensibilityGlobals) = postSolution
		SolutionGuid = {BB23CE0A-4208-4A2D-9D35-D8BDCD08A08C}
	EndGlobalSection
EndGlobal
